// !$*UTF8*$!
{
	archiveVersion = 1;
	classes = {
	};
	objectVersion = 50;
	objects = {

/* Begin PBXBuildFile section */
		B0491A3D21B3EB2B00061F28 /* Day2.swift in Sources */ = {isa = PBXBuildFile; fileRef = B0491A3C21B3EB2B00061F28 /* Day2.swift */; };
		B0491A4021B3EB7F00061F28 /* Day2+Part1.swift in Sources */ = {isa = PBXBuildFile; fileRef = B0491A3F21B3EB7F00061F28 /* Day2+Part1.swift */; };
		B0491A4321B4043A00061F28 /* Day2+Part2.swift in Sources */ = {isa = PBXBuildFile; fileRef = B0491A4221B4043A00061F28 /* Day2+Part2.swift */; };
		B0491A4721B5B1E700061F28 /* Day3.swift in Sources */ = {isa = PBXBuildFile; fileRef = B0491A4621B5B1E700061F28 /* Day3.swift */; };
		B0491A4921B5B20400061F28 /* Helpers.swift in Sources */ = {isa = PBXBuildFile; fileRef = B0491A4821B5B20400061F28 /* Helpers.swift */; };
		B0491A4B21B5B69100061F28 /* Day3+Part1.swift in Sources */ = {isa = PBXBuildFile; fileRef = B0491A4A21B5B69100061F28 /* Day3+Part1.swift */; };
		B0491A5021B5C45600061F28 /* Day3+Part2.swift in Sources */ = {isa = PBXBuildFile; fileRef = B0491A4F21B5C45600061F28 /* Day3+Part2.swift */; };
		B0491A5321B714C900061F28 /* Day4.swift in Sources */ = {isa = PBXBuildFile; fileRef = B0491A5221B714C900061F28 /* Day4.swift */; };
		B0491A5521B714E600061F28 /* Day4+Part1.swift in Sources */ = {isa = PBXBuildFile; fileRef = B0491A5421B714E600061F28 /* Day4+Part1.swift */; };
		B0491A5821B72EF700061F28 /* Day4+Record.swift in Sources */ = {isa = PBXBuildFile; fileRef = B0491A5721B72EF700061F28 /* Day4+Record.swift */; };
		B0491A5B21B8627900061F28 /* Day4+Part2.swift in Sources */ = {isa = PBXBuildFile; fileRef = B0491A5A21B8627900061F28 /* Day4+Part2.swift */; };
		B0491A5E21B8825000061F28 /* Day5.swift in Sources */ = {isa = PBXBuildFile; fileRef = B0491A5D21B8825000061F28 /* Day5.swift */; };
		B0491A6021B8825F00061F28 /* Day5+Part1.swift in Sources */ = {isa = PBXBuildFile; fileRef = B0491A5F21B8825F00061F28 /* Day5+Part1.swift */; };
		B0491A6421B8863C00061F28 /* String.swift in Sources */ = {isa = PBXBuildFile; fileRef = B0491A6321B8863C00061F28 /* String.swift */; };
		B0491A6721B9DBD000061F28 /* Day5+Part2.swift in Sources */ = {isa = PBXBuildFile; fileRef = B0491A6621B9DBD000061F28 /* Day5+Part2.swift */; };
		B0491A6A21BB034C00061F28 /* Day6.swift in Sources */ = {isa = PBXBuildFile; fileRef = B0491A6921BB034C00061F28 /* Day6.swift */; };
		B0491A6C21BB036B00061F28 /* Day6+Part1.swift in Sources */ = {isa = PBXBuildFile; fileRef = B0491A6B21BB036B00061F28 /* Day6+Part1.swift */; };
		B0491A7021BB25EF00061F28 /* Day6+Part2.swift in Sources */ = {isa = PBXBuildFile; fileRef = B0491A6F21BB25EF00061F28 /* Day6+Part2.swift */; };
		B0491A7321BD231100061F28 /* Day7.swift in Sources */ = {isa = PBXBuildFile; fileRef = B0491A7221BD231100061F28 /* Day7.swift */; };
		B0491A7521BD231F00061F28 /* Day7+Part1.swift in Sources */ = {isa = PBXBuildFile; fileRef = B0491A7421BD231F00061F28 /* Day7+Part1.swift */; };
		B0491A7D21BD3DE400061F28 /* Array.swift in Sources */ = {isa = PBXBuildFile; fileRef = B0491A7C21BD3DE400061F28 /* Array.swift */; };
		B0491A8121BDB54D00061F28 /* Day7+Part2.swift in Sources */ = {isa = PBXBuildFile; fileRef = B0491A8021BDB54D00061F28 /* Day7+Part2.swift */; };
		B0491A8721C1AAD200061F28 /* Day8.swift in Sources */ = {isa = PBXBuildFile; fileRef = B0491A8521C1AA7600061F28 /* Day8.swift */; };
		B0491A8821C1AAD400061F28 /* Day8+Part1.swift in Sources */ = {isa = PBXBuildFile; fileRef = B0491A8621C1AA7700061F28 /* Day8+Part1.swift */; };
		B0491A8A21C1AB1300061F28 /* Day8+Node.swift in Sources */ = {isa = PBXBuildFile; fileRef = B0491A8921C1AB1300061F28 /* Day8+Node.swift */; };
		B0491A8C21C1B52100061F28 /* Day8+Part2.swift in Sources */ = {isa = PBXBuildFile; fileRef = B0491A8B21C1B52100061F28 /* Day8+Part2.swift */; };
		B0491A8F21C1BB6C00061F28 /* Day9.swift in Sources */ = {isa = PBXBuildFile; fileRef = B0491A8E21C1BB6C00061F28 /* Day9.swift */; };
		B0491A9121C1BB7B00061F28 /* Day9+Part1.swift in Sources */ = {isa = PBXBuildFile; fileRef = B0491A9021C1BB7B00061F28 /* Day9+Part1.swift */; };
		B0491A9521C1BC9900061F28 /* Day9+Marble.swift in Sources */ = {isa = PBXBuildFile; fileRef = B0491A9421C1BC9900061F28 /* Day9+Marble.swift */; };
		B0491A9721C1BDEB00061F28 /* Day9+MarbleCircle.swift in Sources */ = {isa = PBXBuildFile; fileRef = B0491A9621C1BDEB00061F28 /* Day9+MarbleCircle.swift */; };
		B0491A9921C3173200061F28 /* Day9+StateMachine.swift in Sources */ = {isa = PBXBuildFile; fileRef = B0491A9821C3173200061F28 /* Day9+StateMachine.swift */; };
		B0491A9B21C3180000061F28 /* Day9+Part2.swift in Sources */ = {isa = PBXBuildFile; fileRef = B0491A9A21C3180000061F28 /* Day9+Part2.swift */; };
		B09296C421B29FC700629713 /* main.swift in Sources */ = {isa = PBXBuildFile; fileRef = B09296C321B29FC700629713 /* main.swift */; };
		B09296CE21B2A03400629713 /* Day1+Part1.swift in Sources */ = {isa = PBXBuildFile; fileRef = B09296CD21B2A03400629713 /* Day1+Part1.swift */; };
		B09296D021B2A05800629713 /* Day1.swift in Sources */ = {isa = PBXBuildFile; fileRef = B09296CF21B2A05800629713 /* Day1.swift */; };
		B09296D221B2A5A100629713 /* Solveable.swift in Sources */ = {isa = PBXBuildFile; fileRef = B09296D121B2A5A100629713 /* Solveable.swift */; };
		B09296D521B2A67E00629713 /* Day1+Part2.swift in Sources */ = {isa = PBXBuildFile; fileRef = B09296D421B2A67E00629713 /* Day1+Part2.swift */; };
/* End PBXBuildFile section */

/* Begin PBXCopyFilesBuildPhase section */
		B09296BE21B29FC700629713 /* CopyFiles */ = {
			isa = PBXCopyFilesBuildPhase;
			buildActionMask = 2147483647;
			dstPath = /usr/share/man/man1/;
			dstSubfolderSpec = 0;
			files = (
			);
			runOnlyForDeploymentPostprocessing = 1;
		};
/* End PBXCopyFilesBuildPhase section */

/* Begin PBXFileReference section */
		B0491A3C21B3EB2B00061F28 /* Day2.swift */ = {isa = PBXFileReference; lastKnownFileType = sourcecode.swift; path = Day2.swift; sourceTree = "<group>"; };
		B0491A3E21B3EB6B00061F28 /* Input */ = {isa = PBXFileReference; lastKnownFileType = text; path = Input; sourceTree = "<group>"; };
		B0491A3F21B3EB7F00061F28 /* Day2+Part1.swift */ = {isa = PBXFileReference; lastKnownFileType = sourcecode.swift; path = "Day2+Part1.swift"; sourceTree = "<group>"; };
		B0491A4121B3EFB500061F28 /* Input - test */ = {isa = PBXFileReference; lastKnownFileType = text; path = "Input - test"; sourceTree = "<group>"; };
		B0491A4221B4043A00061F28 /* Day2+Part2.swift */ = {isa = PBXFileReference; lastKnownFileType = sourcecode.swift; path = "Day2+Part2.swift"; sourceTree = "<group>"; };
		B0491A4621B5B1E700061F28 /* Day3.swift */ = {isa = PBXFileReference; lastKnownFileType = sourcecode.swift; path = Day3.swift; sourceTree = "<group>"; };
		B0491A4821B5B20400061F28 /* Helpers.swift */ = {isa = PBXFileReference; lastKnownFileType = sourcecode.swift; path = Helpers.swift; sourceTree = "<group>"; };
		B0491A4A21B5B69100061F28 /* Day3+Part1.swift */ = {isa = PBXFileReference; lastKnownFileType = sourcecode.swift; path = "Day3+Part1.swift"; sourceTree = "<group>"; };
		B0491A4C21B5B6D000061F28 /* Input - test */ = {isa = PBXFileReference; lastKnownFileType = text; path = "Input - test"; sourceTree = "<group>"; };
		B0491A4E21B5C3B400061F28 /* Input */ = {isa = PBXFileReference; lastKnownFileType = text; path = Input; sourceTree = "<group>"; };
		B0491A4F21B5C45600061F28 /* Day3+Part2.swift */ = {isa = PBXFileReference; lastKnownFileType = sourcecode.swift; path = "Day3+Part2.swift"; sourceTree = "<group>"; };
		B0491A5221B714C900061F28 /* Day4.swift */ = {isa = PBXFileReference; lastKnownFileType = sourcecode.swift; path = Day4.swift; sourceTree = "<group>"; };
		B0491A5421B714E600061F28 /* Day4+Part1.swift */ = {isa = PBXFileReference; lastKnownFileType = sourcecode.swift; path = "Day4+Part1.swift"; sourceTree = "<group>"; };
		B0491A5621B72A7900061F28 /* Input - test */ = {isa = PBXFileReference; lastKnownFileType = text; path = "Input - test"; sourceTree = "<group>"; };
		B0491A5721B72EF700061F28 /* Day4+Record.swift */ = {isa = PBXFileReference; lastKnownFileType = sourcecode.swift; path = "Day4+Record.swift"; sourceTree = "<group>"; };
		B0491A5921B8620800061F28 /* Input */ = {isa = PBXFileReference; lastKnownFileType = text; path = Input; sourceTree = "<group>"; };
		B0491A5A21B8627900061F28 /* Day4+Part2.swift */ = {isa = PBXFileReference; lastKnownFileType = sourcecode.swift; path = "Day4+Part2.swift"; sourceTree = "<group>"; };
		B0491A5D21B8825000061F28 /* Day5.swift */ = {isa = PBXFileReference; lastKnownFileType = sourcecode.swift; path = Day5.swift; sourceTree = "<group>"; };
		B0491A5F21B8825F00061F28 /* Day5+Part1.swift */ = {isa = PBXFileReference; lastKnownFileType = sourcecode.swift; path = "Day5+Part1.swift"; sourceTree = "<group>"; };
		B0491A6121B8829100061F28 /* Input */ = {isa = PBXFileReference; lastKnownFileType = text; path = Input; sourceTree = "<group>"; };
		B0491A6321B8863C00061F28 /* String.swift */ = {isa = PBXFileReference; lastKnownFileType = sourcecode.swift; path = String.swift; sourceTree = "<group>"; };
		B0491A6521B88A3A00061F28 /* Input - test */ = {isa = PBXFileReference; lastKnownFileType = text; path = "Input - test"; sourceTree = "<group>"; };
		B0491A6621B9DBD000061F28 /* Day5+Part2.swift */ = {isa = PBXFileReference; lastKnownFileType = sourcecode.swift; path = "Day5+Part2.swift"; sourceTree = "<group>"; };
		B0491A6921BB034C00061F28 /* Day6.swift */ = {isa = PBXFileReference; lastKnownFileType = sourcecode.swift; path = Day6.swift; sourceTree = "<group>"; };
		B0491A6B21BB036B00061F28 /* Day6+Part1.swift */ = {isa = PBXFileReference; lastKnownFileType = sourcecode.swift; path = "Day6+Part1.swift"; sourceTree = "<group>"; };
		B0491A6D21BB038600061F28 /* Input */ = {isa = PBXFileReference; lastKnownFileType = text; path = Input; sourceTree = "<group>"; };
		B0491A6E21BB256C00061F28 /* Input - test */ = {isa = PBXFileReference; lastKnownFileType = text; path = "Input - test"; sourceTree = "<group>"; };
		B0491A6F21BB25EF00061F28 /* Day6+Part2.swift */ = {isa = PBXFileReference; lastKnownFileType = sourcecode.swift; path = "Day6+Part2.swift"; sourceTree = "<group>"; };
		B0491A7221BD231100061F28 /* Day7.swift */ = {isa = PBXFileReference; lastKnownFileType = sourcecode.swift; path = Day7.swift; sourceTree = "<group>"; };
		B0491A7421BD231F00061F28 /* Day7+Part1.swift */ = {isa = PBXFileReference; lastKnownFileType = sourcecode.swift; path = "Day7+Part1.swift"; sourceTree = "<group>"; };
		B0491A7821BD23F200061F28 /* Input - test */ = {isa = PBXFileReference; lastKnownFileType = text; path = "Input - test"; sourceTree = "<group>"; };
		B0491A7921BD365400061F28 /* Input */ = {isa = PBXFileReference; lastKnownFileType = text; path = Input; sourceTree = "<group>"; };
		B0491A7C21BD3DE400061F28 /* Array.swift */ = {isa = PBXFileReference; lastKnownFileType = sourcecode.swift; path = Array.swift; sourceTree = "<group>"; };
		B0491A8021BDB54D00061F28 /* Day7+Part2.swift */ = {isa = PBXFileReference; lastKnownFileType = sourcecode.swift; path = "Day7+Part2.swift"; sourceTree = "<group>"; };
		B0491A8321C1AA7300061F28 /* Input - test */ = {isa = PBXFileReference; lastKnownFileType = text; path = "Input - test"; sourceTree = "<group>"; };
		B0491A8421C1AA7300061F28 /* Input */ = {isa = PBXFileReference; lastKnownFileType = text; path = Input; sourceTree = "<group>"; };
		B0491A8521C1AA7600061F28 /* Day8.swift */ = {isa = PBXFileReference; lastKnownFileType = sourcecode.swift; path = Day8.swift; sourceTree = "<group>"; };
		B0491A8621C1AA7700061F28 /* Day8+Part1.swift */ = {isa = PBXFileReference; lastKnownFileType = sourcecode.swift; path = "Day8+Part1.swift"; sourceTree = "<group>"; };
		B0491A8921C1AB1300061F28 /* Day8+Node.swift */ = {isa = PBXFileReference; lastKnownFileType = sourcecode.swift; path = "Day8+Node.swift"; sourceTree = "<group>"; };
		B0491A8B21C1B52100061F28 /* Day8+Part2.swift */ = {isa = PBXFileReference; lastKnownFileType = sourcecode.swift; path = "Day8+Part2.swift"; sourceTree = "<group>"; };
		B0491A8E21C1BB6C00061F28 /* Day9.swift */ = {isa = PBXFileReference; lastKnownFileType = sourcecode.swift; path = Day9.swift; sourceTree = "<group>"; };
		B0491A9021C1BB7B00061F28 /* Day9+Part1.swift */ = {isa = PBXFileReference; lastKnownFileType = sourcecode.swift; path = "Day9+Part1.swift"; sourceTree = "<group>"; };
		B0491A9421C1BC9900061F28 /* Day9+Marble.swift */ = {isa = PBXFileReference; lastKnownFileType = sourcecode.swift; path = "Day9+Marble.swift"; sourceTree = "<group>"; };
		B0491A9621C1BDEB00061F28 /* Day9+MarbleCircle.swift */ = {isa = PBXFileReference; lastKnownFileType = sourcecode.swift; path = "Day9+MarbleCircle.swift"; sourceTree = "<group>"; };
		B0491A9821C3173200061F28 /* Day9+StateMachine.swift */ = {isa = PBXFileReference; lastKnownFileType = sourcecode.swift; path = "Day9+StateMachine.swift"; sourceTree = "<group>"; };
		B0491A9A21C3180000061F28 /* Day9+Part2.swift */ = {isa = PBXFileReference; lastKnownFileType = sourcecode.swift; path = "Day9+Part2.swift"; sourceTree = "<group>"; };
		B09296C021B29FC700629713 /* Advent Of Code 2018 */ = {isa = PBXFileReference; explicitFileType = "compiled.mach-o.executable"; includeInIndex = 0; path = "Advent Of Code 2018"; sourceTree = BUILT_PRODUCTS_DIR; };
		B09296C321B29FC700629713 /* main.swift */ = {isa = PBXFileReference; lastKnownFileType = sourcecode.swift; path = main.swift; sourceTree = "<group>"; };
		B09296CC21B2A02200629713 /* Input */ = {isa = PBXFileReference; lastKnownFileType = text; path = Input; sourceTree = "<group>"; };
		B09296CD21B2A03400629713 /* Day1+Part1.swift */ = {isa = PBXFileReference; lastKnownFileType = sourcecode.swift; path = "Day1+Part1.swift"; sourceTree = "<group>"; };
		B09296CF21B2A05800629713 /* Day1.swift */ = {isa = PBXFileReference; lastKnownFileType = sourcecode.swift; path = Day1.swift; sourceTree = "<group>"; };
		B09296D121B2A5A100629713 /* Solveable.swift */ = {isa = PBXFileReference; lastKnownFileType = sourcecode.swift; path = Solveable.swift; sourceTree = "<group>"; };
		B09296D421B2A67E00629713 /* Day1+Part2.swift */ = {isa = PBXFileReference; lastKnownFileType = sourcecode.swift; path = "Day1+Part2.swift"; sourceTree = "<group>"; };
		B09296D621B2B52E00629713 /* Input - test */ = {isa = PBXFileReference; lastKnownFileType = text; path = "Input - test"; sourceTree = "<group>"; };
/* End PBXFileReference section */

/* Begin PBXFrameworksBuildPhase section */
		B09296BD21B29FC700629713 /* Frameworks */ = {
			isa = PBXFrameworksBuildPhase;
			buildActionMask = 2147483647;
			files = (
			);
			runOnlyForDeploymentPostprocessing = 0;
		};
/* End PBXFrameworksBuildPhase section */

/* Begin PBXGroup section */
		B0491A3B21B3EB1900061F28 /* Day 02 */ = {
			isa = PBXGroup;
			children = (
				B0491A3C21B3EB2B00061F28 /* Day2.swift */,
				B0491A3F21B3EB7F00061F28 /* Day2+Part1.swift */,
				B0491A4221B4043A00061F28 /* Day2+Part2.swift */,
				B0491A4121B3EFB500061F28 /* Input - test */,
				B0491A3E21B3EB6B00061F28 /* Input */,
			);
			path = "Day 02";
			sourceTree = "<group>";
		};
		B0491A4521B5B1D600061F28 /* Day 03 */ = {
			isa = PBXGroup;
			children = (
				B0491A4621B5B1E700061F28 /* Day3.swift */,
				B0491A4A21B5B69100061F28 /* Day3+Part1.swift */,
				B0491A4F21B5C45600061F28 /* Day3+Part2.swift */,
				B0491A4C21B5B6D000061F28 /* Input - test */,
				B0491A4E21B5C3B400061F28 /* Input */,
			);
			path = "Day 03";
			sourceTree = "<group>";
		};
		B0491A5121B714B100061F28 /* Day 04 */ = {
			isa = PBXGroup;
			children = (
				B0491A5221B714C900061F28 /* Day4.swift */,
				B0491A5721B72EF700061F28 /* Day4+Record.swift */,
				B0491A5421B714E600061F28 /* Day4+Part1.swift */,
				B0491A5A21B8627900061F28 /* Day4+Part2.swift */,
				B0491A5621B72A7900061F28 /* Input - test */,
				B0491A5921B8620800061F28 /* Input */,
			);
			path = "Day 04";
			sourceTree = "<group>";
		};
		B0491A5C21B8823F00061F28 /* Day 05 */ = {
			isa = PBXGroup;
			children = (
				B0491A5D21B8825000061F28 /* Day5.swift */,
				B0491A5F21B8825F00061F28 /* Day5+Part1.swift */,
				B0491A6621B9DBD000061F28 /* Day5+Part2.swift */,
				B0491A6521B88A3A00061F28 /* Input - test */,
				B0491A6121B8829100061F28 /* Input */,
			);
			path = "Day 05";
			sourceTree = "<group>";
		};
		B0491A6221B8863200061F28 /* Extensions */ = {
			isa = PBXGroup;
			children = (
				B0491A6321B8863C00061F28 /* String.swift */,
				B0491A7C21BD3DE400061F28 /* Array.swift */,
			);
			path = Extensions;
			sourceTree = "<group>";
		};
		B0491A6821B9E3E500061F28 /* Day 06 */ = {
			isa = PBXGroup;
			children = (
				B0491A6921BB034C00061F28 /* Day6.swift */,
				B0491A6B21BB036B00061F28 /* Day6+Part1.swift */,
				B0491A6F21BB25EF00061F28 /* Day6+Part2.swift */,
				B0491A6E21BB256C00061F28 /* Input - test */,
				B0491A6D21BB038600061F28 /* Input */,
			);
			path = "Day 06";
			sourceTree = "<group>";
		};
		B0491A7121BD230200061F28 /* Day 07 */ = {
			isa = PBXGroup;
			children = (
				B0491A7221BD231100061F28 /* Day7.swift */,
				B0491A7421BD231F00061F28 /* Day7+Part1.swift */,
				B0491A8021BDB54D00061F28 /* Day7+Part2.swift */,
				B0491A7821BD23F200061F28 /* Input - test */,
				B0491A7921BD365400061F28 /* Input */,
			);
			path = "Day 07";
			sourceTree = "<group>";
		};
		B0491A8221C1AA6800061F28 /* Day 08 */ = {
			isa = PBXGroup;
			children = (
				B0491A8521C1AA7600061F28 /* Day8.swift */,
				B0491A8621C1AA7700061F28 /* Day8+Part1.swift */,
				B0491A8B21C1B52100061F28 /* Day8+Part2.swift */,
				B0491A8921C1AB1300061F28 /* Day8+Node.swift */,
				B0491A8321C1AA7300061F28 /* Input - test */,
				B0491A8421C1AA7300061F28 /* Input */,
			);
			path = "Day 08";
			sourceTree = "<group>";
		};
		B0491A8D21C1BB5D00061F28 /* Day 09 */ = {
			isa = PBXGroup;
			children = (
				B0491A8E21C1BB6C00061F28 /* Day9.swift */,
				B0491A9021C1BB7B00061F28 /* Day9+Part1.swift */,
				B0491A9A21C3180000061F28 /* Day9+Part2.swift */,
				B0491A9421C1BC9900061F28 /* Day9+Marble.swift */,
				B0491A9621C1BDEB00061F28 /* Day9+MarbleCircle.swift */,
				B0491A9821C3173200061F28 /* Day9+StateMachine.swift */,
			);
			path = "Day 09";
			sourceTree = "<group>";
		};
		B09296B721B29FC700629713 = {
			isa = PBXGroup;
			children = (
				B09296C221B29FC700629713 /* Advent Of Code 2018 */,
				B09296C121B29FC700629713 /* Products */,
			);
			sourceTree = "<group>";
		};
		B09296C121B29FC700629713 /* Products */ = {
			isa = PBXGroup;
			children = (
				B09296C021B29FC700629713 /* Advent Of Code 2018 */,
			);
			name = Products;
			sourceTree = "<group>";
		};
		B09296C221B29FC700629713 /* Advent Of Code 2018 */ = {
			isa = PBXGroup;
			children = (
				B0491A6221B8863200061F28 /* Extensions */,
				B09296CA21B29FE700629713 /* Day 01 */,
				B0491A3B21B3EB1900061F28 /* Day 02 */,
				B0491A4521B5B1D600061F28 /* Day 03 */,
				B0491A5121B714B100061F28 /* Day 04 */,
				B0491A5C21B8823F00061F28 /* Day 05 */,
				B0491A6821B9E3E500061F28 /* Day 06 */,
				B0491A7121BD230200061F28 /* Day 07 */,
				B0491A8221C1AA6800061F28 /* Day 08 */,
				B0491A8D21C1BB5D00061F28 /* Day 09 */,
				B0491A4821B5B20400061F28 /* Helpers.swift */,
				B09296D121B2A5A100629713 /* Solveable.swift */,
				B09296C321B29FC700629713 /* main.swift */,
			);
			path = "Advent Of Code 2018";
			sourceTree = "<group>";
		};
		B09296CA21B29FE700629713 /* Day 01 */ = {
			isa = PBXGroup;
			children = (
				B09296CF21B2A05800629713 /* Day1.swift */,
				B09296CD21B2A03400629713 /* Day1+Part1.swift */,
				B09296D421B2A67E00629713 /* Day1+Part2.swift */,
				B09296D621B2B52E00629713 /* Input - test */,
				B09296CC21B2A02200629713 /* Input */,
			);
			path = "Day 01";
			sourceTree = "<group>";
		};
/* End PBXGroup section */

/* Begin PBXNativeTarget section */
		B09296BF21B29FC700629713 /* Advent Of Code 2018 */ = {
			isa = PBXNativeTarget;
			buildConfigurationList = B09296C721B29FC700629713 /* Build configuration list for PBXNativeTarget "Advent Of Code 2018" */;
			buildPhases = (
				B0491A4421B4117200061F28 /* Swiftlint */,
				B09296BC21B29FC700629713 /* Sources */,
				B09296BD21B29FC700629713 /* Frameworks */,
				B09296BE21B29FC700629713 /* CopyFiles */,
			);
			buildRules = (
			);
			dependencies = (
			);
			name = "Advent Of Code 2018";
			productName = "Advent Of Code 2018";
			productReference = B09296C021B29FC700629713 /* Advent Of Code 2018 */;
			productType = "com.apple.product-type.tool";
		};
/* End PBXNativeTarget section */

/* Begin PBXProject section */
		B09296B821B29FC700629713 /* Project object */ = {
			isa = PBXProject;
			attributes = {
				LastSwiftUpdateCheck = 1000;
				LastUpgradeCheck = 1000;
				ORGANIZATIONNAME = "Steven Gurr";
				TargetAttributes = {
					B09296BF21B29FC700629713 = {
						CreatedOnToolsVersion = 10.0;
					};
				};
			};
			buildConfigurationList = B09296BB21B29FC700629713 /* Build configuration list for PBXProject "Advent Of Code 2018" */;
			compatibilityVersion = "Xcode 9.3";
			developmentRegion = en;
			hasScannedForEncodings = 0;
			knownRegions = (
				en,
			);
			mainGroup = B09296B721B29FC700629713;
			productRefGroup = B09296C121B29FC700629713 /* Products */;
			projectDirPath = "";
			projectRoot = "";
			targets = (
				B09296BF21B29FC700629713 /* Advent Of Code 2018 */,
			);
		};
/* End PBXProject section */

/* Begin PBXShellScriptBuildPhase section */
		B0491A4421B4117200061F28 /* Swiftlint */ = {
			isa = PBXShellScriptBuildPhase;
			buildActionMask = 2147483647;
			files = (
			);
			inputFileListPaths = (
			);
			inputPaths = (
			);
			name = Swiftlint;
			outputFileListPaths = (
			);
			outputPaths = (
			);
			runOnlyForDeploymentPostprocessing = 0;
			shellPath = /bin/sh;
			shellScript = "swiftlint\n";
		};
/* End PBXShellScriptBuildPhase section */

/* Begin PBXSourcesBuildPhase section */
		B09296BC21B29FC700629713 /* Sources */ = {
			isa = PBXSourcesBuildPhase;
			buildActionMask = 2147483647;
			files = (
				B0491A6421B8863C00061F28 /* String.swift in Sources */,
				B0491A5521B714E600061F28 /* Day4+Part1.swift in Sources */,
				B0491A9B21C3180000061F28 /* Day9+Part2.swift in Sources */,
				B0491A9721C1BDEB00061F28 /* Day9+MarbleCircle.swift in Sources */,
				B0491A8121BDB54D00061F28 /* Day7+Part2.swift in Sources */,
				B0491A5B21B8627900061F28 /* Day4+Part2.swift in Sources */,
				B09296CE21B2A03400629713 /* Day1+Part1.swift in Sources */,
				B0491A9921C3173200061F28 /* Day9+StateMachine.swift in Sources */,
				B0491A4B21B5B69100061F28 /* Day3+Part1.swift in Sources */,
				B0491A5321B714C900061F28 /* Day4.swift in Sources */,
				B0491A8A21C1AB1300061F28 /* Day8+Node.swift in Sources */,
				B0491A6721B9DBD000061F28 /* Day5+Part2.swift in Sources */,
				B0491A3D21B3EB2B00061F28 /* Day2.swift in Sources */,
				B0491A7D21BD3DE400061F28 /* Array.swift in Sources */,
				B09296D021B2A05800629713 /* Day1.swift in Sources */,
				B0491A7521BD231F00061F28 /* Day7+Part1.swift in Sources */,
				B0491A4921B5B20400061F28 /* Helpers.swift in Sources */,
				B0491A8C21C1B52100061F28 /* Day8+Part2.swift in Sources */,
				B0491A7321BD231100061F28 /* Day7.swift in Sources */,
				B09296C421B29FC700629713 /* main.swift in Sources */,
				B0491A5821B72EF700061F28 /* Day4+Record.swift in Sources */,
				B0491A4021B3EB7F00061F28 /* Day2+Part1.swift in Sources */,
				B09296D221B2A5A100629713 /* Solveable.swift in Sources */,
				B0491A5021B5C45600061F28 /* Day3+Part2.swift in Sources */,
				B0491A5E21B8825000061F28 /* Day5.swift in Sources */,
				B0491A6C21BB036B00061F28 /* Day6+Part1.swift in Sources */,
				B0491A4321B4043A00061F28 /* Day2+Part2.swift in Sources */,
				B0491A4721B5B1E700061F28 /* Day3.swift in Sources */,
				B0491A9521C1BC9900061F28 /* Day9+Marble.swift in Sources */,
				B09296D521B2A67E00629713 /* Day1+Part2.swift in Sources */,
				B0491A9121C1BB7B00061F28 /* Day9+Part1.swift in Sources */,
				B0491A7021BB25EF00061F28 /* Day6+Part2.swift in Sources */,
				B0491A8821C1AAD400061F28 /* Day8+Part1.swift in Sources */,
				B0491A8F21C1BB6C00061F28 /* Day9.swift in Sources */,
				B0491A6A21BB034C00061F28 /* Day6.swift in Sources */,
				B0491A6021B8825F00061F28 /* Day5+Part1.swift in Sources */,
				B0491A8721C1AAD200061F28 /* Day8.swift in Sources */,
			);
			runOnlyForDeploymentPostprocessing = 0;
		};
/* End PBXSourcesBuildPhase section */

/* Begin XCBuildConfiguration section */
		B09296C521B29FC700629713 /* Debug */ = {
			isa = XCBuildConfiguration;
			buildSettings = {
				ALWAYS_SEARCH_USER_PATHS = NO;
				CLANG_ANALYZER_NONNULL = YES;
				CLANG_ANALYZER_NUMBER_OBJECT_CONVERSION = YES_AGGRESSIVE;
				CLANG_CXX_LANGUAGE_STANDARD = "gnu++14";
				CLANG_CXX_LIBRARY = "libc++";
				CLANG_ENABLE_MODULES = YES;
				CLANG_ENABLE_OBJC_ARC = YES;
				CLANG_ENABLE_OBJC_WEAK = YES;
				CLANG_WARN_BLOCK_CAPTURE_AUTORELEASING = YES;
				CLANG_WARN_BOOL_CONVERSION = YES;
				CLANG_WARN_COMMA = YES;
				CLANG_WARN_CONSTANT_CONVERSION = YES;
				CLANG_WARN_DEPRECATED_OBJC_IMPLEMENTATIONS = YES;
				CLANG_WARN_DIRECT_OBJC_ISA_USAGE = YES_ERROR;
				CLANG_WARN_DOCUMENTATION_COMMENTS = YES;
				CLANG_WARN_EMPTY_BODY = YES;
				CLANG_WARN_ENUM_CONVERSION = YES;
				CLANG_WARN_INFINITE_RECURSION = YES;
				CLANG_WARN_INT_CONVERSION = YES;
				CLANG_WARN_NON_LITERAL_NULL_CONVERSION = YES;
				CLANG_WARN_OBJC_IMPLICIT_RETAIN_SELF = YES;
				CLANG_WARN_OBJC_LITERAL_CONVERSION = YES;
				CLANG_WARN_OBJC_ROOT_CLASS = YES_ERROR;
				CLANG_WARN_RANGE_LOOP_ANALYSIS = YES;
				CLANG_WARN_STRICT_PROTOTYPES = YES;
				CLANG_WARN_SUSPICIOUS_MOVE = YES;
				CLANG_WARN_UNGUARDED_AVAILABILITY = YES_AGGRESSIVE;
				CLANG_WARN_UNREACHABLE_CODE = YES;
				CLANG_WARN__DUPLICATE_METHOD_MATCH = YES;
				CODE_SIGN_IDENTITY = "Mac Developer";
				COPY_PHASE_STRIP = NO;
				DEBUG_INFORMATION_FORMAT = dwarf;
				ENABLE_STRICT_OBJC_MSGSEND = YES;
				ENABLE_TESTABILITY = YES;
				GCC_C_LANGUAGE_STANDARD = gnu11;
				GCC_DYNAMIC_NO_PIC = NO;
				GCC_NO_COMMON_BLOCKS = YES;
				GCC_OPTIMIZATION_LEVEL = 0;
				GCC_PREPROCESSOR_DEFINITIONS = (
					"DEBUG=1",
					"$(inherited)",
				);
				GCC_WARN_64_TO_32_BIT_CONVERSION = YES;
				GCC_WARN_ABOUT_RETURN_TYPE = YES_ERROR;
				GCC_WARN_UNDECLARED_SELECTOR = YES;
				GCC_WARN_UNINITIALIZED_AUTOS = YES_AGGRESSIVE;
				GCC_WARN_UNUSED_FUNCTION = YES;
				GCC_WARN_UNUSED_VARIABLE = YES;
				MACOSX_DEPLOYMENT_TARGET = 10.14;
				MTL_ENABLE_DEBUG_INFO = INCLUDE_SOURCE;
				MTL_FAST_MATH = YES;
				ONLY_ACTIVE_ARCH = YES;
				SDKROOT = macosx;
				SWIFT_ACTIVE_COMPILATION_CONDITIONS = DEBUG;
				SWIFT_OPTIMIZATION_LEVEL = "-Onone";
			};
			name = Debug;
		};
		B09296C621B29FC700629713 /* Release */ = {
			isa = XCBuildConfiguration;
			buildSettings = {
				ALWAYS_SEARCH_USER_PATHS = NO;
				CLANG_ANALYZER_NONNULL = YES;
				CLANG_ANALYZER_NUMBER_OBJECT_CONVERSION = YES_AGGRESSIVE;
				CLANG_CXX_LANGUAGE_STANDARD = "gnu++14";
				CLANG_CXX_LIBRARY = "libc++";
				CLANG_ENABLE_MODULES = YES;
				CLANG_ENABLE_OBJC_ARC = YES;
				CLANG_ENABLE_OBJC_WEAK = YES;
				CLANG_WARN_BLOCK_CAPTURE_AUTORELEASING = YES;
				CLANG_WARN_BOOL_CONVERSION = YES;
				CLANG_WARN_COMMA = YES;
				CLANG_WARN_CONSTANT_CONVERSION = YES;
				CLANG_WARN_DEPRECATED_OBJC_IMPLEMENTATIONS = YES;
				CLANG_WARN_DIRECT_OBJC_ISA_USAGE = YES_ERROR;
				CLANG_WARN_DOCUMENTATION_COMMENTS = YES;
				CLANG_WARN_EMPTY_BODY = YES;
				CLANG_WARN_ENUM_CONVERSION = YES;
				CLANG_WARN_INFINITE_RECURSION = YES;
				CLANG_WARN_INT_CONVERSION = YES;
				CLANG_WARN_NON_LITERAL_NULL_CONVERSION = YES;
				CLANG_WARN_OBJC_IMPLICIT_RETAIN_SELF = YES;
				CLANG_WARN_OBJC_LITERAL_CONVERSION = YES;
				CLANG_WARN_OBJC_ROOT_CLASS = YES_ERROR;
				CLANG_WARN_RANGE_LOOP_ANALYSIS = YES;
				CLANG_WARN_STRICT_PROTOTYPES = YES;
				CLANG_WARN_SUSPICIOUS_MOVE = YES;
				CLANG_WARN_UNGUARDED_AVAILABILITY = YES_AGGRESSIVE;
				CLANG_WARN_UNREACHABLE_CODE = YES;
				CLANG_WARN__DUPLICATE_METHOD_MATCH = YES;
				CODE_SIGN_IDENTITY = "Mac Developer";
				COPY_PHASE_STRIP = NO;
				DEBUG_INFORMATION_FORMAT = "dwarf-with-dsym";
				ENABLE_NS_ASSERTIONS = NO;
				ENABLE_STRICT_OBJC_MSGSEND = YES;
				GCC_C_LANGUAGE_STANDARD = gnu11;
				GCC_NO_COMMON_BLOCKS = YES;
				GCC_WARN_64_TO_32_BIT_CONVERSION = YES;
				GCC_WARN_ABOUT_RETURN_TYPE = YES_ERROR;
				GCC_WARN_UNDECLARED_SELECTOR = YES;
				GCC_WARN_UNINITIALIZED_AUTOS = YES_AGGRESSIVE;
				GCC_WARN_UNUSED_FUNCTION = YES;
				GCC_WARN_UNUSED_VARIABLE = YES;
				MACOSX_DEPLOYMENT_TARGET = 10.14;
				MTL_ENABLE_DEBUG_INFO = NO;
				MTL_FAST_MATH = YES;
				SDKROOT = macosx;
				SWIFT_COMPILATION_MODE = wholemodule;
				SWIFT_OPTIMIZATION_LEVEL = "-O";
			};
			name = Release;
		};
		B09296C821B29FC700629713 /* Debug */ = {
			isa = XCBuildConfiguration;
			buildSettings = {
				CODE_SIGN_STYLE = Automatic;
				DEVELOPMENT_TEAM = F9V3RBTVGN;
				PRODUCT_NAME = "$(TARGET_NAME)";
				SWIFT_VERSION = 4.2;
			};
			name = Debug;
		};
		B09296C921B29FC700629713 /* Release */ = {
			isa = XCBuildConfiguration;
			buildSettings = {
				CODE_SIGN_STYLE = Automatic;
				DEVELOPMENT_TEAM = F9V3RBTVGN;
				PRODUCT_NAME = "$(TARGET_NAME)";
				SWIFT_VERSION = 4.2;
			};
			name = Release;
		};
/* End XCBuildConfiguration section */

/* Begin XCConfigurationList section */
		B09296BB21B29FC700629713 /* Build configuration list for PBXProject "Advent Of Code 2018" */ = {
			isa = XCConfigurationList;
			buildConfigurations = (
				B09296C521B29FC700629713 /* Debug */,
				B09296C621B29FC700629713 /* Release */,
			);
			defaultConfigurationIsVisible = 0;
			defaultConfigurationName = Release;
		};
		B09296C721B29FC700629713 /* Build configuration list for PBXNativeTarget "Advent Of Code 2018" */ = {
			isa = XCConfigurationList;
			buildConfigurations = (
				B09296C821B29FC700629713 /* Debug */,
				B09296C921B29FC700629713 /* Release */,
			);
			defaultConfigurationIsVisible = 0;
			defaultConfigurationName = Release;
		};
/* End XCConfigurationList section */
	};
	rootObject = B09296B821B29FC700629713 /* Project object */;
}
