// !$*UTF8*$!
{
	archiveVersion = 1;
	classes = {
	};
	objectVersion = 50;
	objects = {

/* Begin PBXBuildFile section */
		B0491A3D21B3EB2B00061F28 /* Day2.swift in Sources */ = {isa = PBXBuildFile; fileRef = B0491A3C21B3EB2B00061F28 /* Day2.swift */; };
		B0491A4021B3EB7F00061F28 /* Day2+Part1.swift in Sources */ = {isa = PBXBuildFile; fileRef = B0491A3F21B3EB7F00061F28 /* Day2+Part1.swift */; };
		B0491A4321B4043A00061F28 /* Day2+Part2.swift in Sources */ = {isa = PBXBuildFile; fileRef = B0491A4221B4043A00061F28 /* Day2+Part2.swift */; };
		B09296C421B29FC700629713 /* main.swift in Sources */ = {isa = PBXBuildFile; fileRef = B09296C321B29FC700629713 /* main.swift */; };
		B09296CE21B2A03400629713 /* Day1+Part1.swift in Sources */ = {isa = PBXBuildFile; fileRef = B09296CD21B2A03400629713 /* Day1+Part1.swift */; };
		B09296D021B2A05800629713 /* Day1.swift in Sources */ = {isa = PBXBuildFile; fileRef = B09296CF21B2A05800629713 /* Day1.swift */; };
		B09296D221B2A5A100629713 /* Solveable.swift in Sources */ = {isa = PBXBuildFile; fileRef = B09296D121B2A5A100629713 /* Solveable.swift */; };
		B09296D521B2A67E00629713 /* Day1+Part2.swift in Sources */ = {isa = PBXBuildFile; fileRef = B09296D421B2A67E00629713 /* Day1+Part2.swift */; };
/* End PBXBuildFile section */

/* Begin PBXCopyFilesBuildPhase section */
		B09296BE21B29FC700629713 /* CopyFiles */ = {
			isa = PBXCopyFilesBuildPhase;
			buildActionMask = 2147483647;
			dstPath = /usr/share/man/man1/;
			dstSubfolderSpec = 0;
			files = (
			);
			runOnlyForDeploymentPostprocessing = 1;
		};
/* End PBXCopyFilesBuildPhase section */

/* Begin PBXFileReference section */
		B0491A3C21B3EB2B00061F28 /* Day2.swift */ = {isa = PBXFileReference; lastKnownFileType = sourcecode.swift; path = Day2.swift; sourceTree = "<group>"; };
		B0491A3E21B3EB6B00061F28 /* Input */ = {isa = PBXFileReference; lastKnownFileType = text; path = Input; sourceTree = "<group>"; };
		B0491A3F21B3EB7F00061F28 /* Day2+Part1.swift */ = {isa = PBXFileReference; lastKnownFileType = sourcecode.swift; path = "Day2+Part1.swift"; sourceTree = "<group>"; };
		B0491A4121B3EFB500061F28 /* Input - test */ = {isa = PBXFileReference; lastKnownFileType = text; path = "Input - test"; sourceTree = "<group>"; };
		B0491A4221B4043A00061F28 /* Day2+Part2.swift */ = {isa = PBXFileReference; lastKnownFileType = sourcecode.swift; path = "Day2+Part2.swift"; sourceTree = "<group>"; };
		B09296C021B29FC700629713 /* Advent Of Code 2018 */ = {isa = PBXFileReference; explicitFileType = "compiled.mach-o.executable"; includeInIndex = 0; path = "Advent Of Code 2018"; sourceTree = BUILT_PRODUCTS_DIR; };
		B09296C321B29FC700629713 /* main.swift */ = {isa = PBXFileReference; lastKnownFileType = sourcecode.swift; path = main.swift; sourceTree = "<group>"; };
		B09296CC21B2A02200629713 /* Input */ = {isa = PBXFileReference; lastKnownFileType = text; path = Input; sourceTree = "<group>"; };
		B09296CD21B2A03400629713 /* Day1+Part1.swift */ = {isa = PBXFileReference; lastKnownFileType = sourcecode.swift; path = "Day1+Part1.swift"; sourceTree = "<group>"; };
		B09296CF21B2A05800629713 /* Day1.swift */ = {isa = PBXFileReference; lastKnownFileType = sourcecode.swift; path = Day1.swift; sourceTree = "<group>"; };
		B09296D121B2A5A100629713 /* Solveable.swift */ = {isa = PBXFileReference; lastKnownFileType = sourcecode.swift; path = Solveable.swift; sourceTree = "<group>"; };
		B09296D421B2A67E00629713 /* Day1+Part2.swift */ = {isa = PBXFileReference; lastKnownFileType = sourcecode.swift; path = "Day1+Part2.swift"; sourceTree = "<group>"; };
		B09296D621B2B52E00629713 /* Input - test */ = {isa = PBXFileReference; lastKnownFileType = text; path = "Input - test"; sourceTree = "<group>"; };
/* End PBXFileReference section */

/* Begin PBXFrameworksBuildPhase section */
		B09296BD21B29FC700629713 /* Frameworks */ = {
			isa = PBXFrameworksBuildPhase;
			buildActionMask = 2147483647;
			files = (
			);
			runOnlyForDeploymentPostprocessing = 0;
		};
/* End PBXFrameworksBuildPhase section */

/* Begin PBXGroup section */
		B0491A3B21B3EB1900061F28 /* Day 02 */ = {
			isa = PBXGroup;
			children = (
				B0491A3C21B3EB2B00061F28 /* Day2.swift */,
				B0491A3F21B3EB7F00061F28 /* Day2+Part1.swift */,
				B0491A4221B4043A00061F28 /* Day2+Part2.swift */,
				B0491A4121B3EFB500061F28 /* Input - test */,
				B0491A3E21B3EB6B00061F28 /* Input */,
			);
			path = "Day 02";
			sourceTree = "<group>";
		};
		B09296B721B29FC700629713 = {
			isa = PBXGroup;
			children = (
				B09296C221B29FC700629713 /* Advent Of Code 2018 */,
				B09296C121B29FC700629713 /* Products */,
			);
			sourceTree = "<group>";
		};
		B09296C121B29FC700629713 /* Products */ = {
			isa = PBXGroup;
			children = (
				B09296C021B29FC700629713 /* Advent Of Code 2018 */,
			);
			name = Products;
			sourceTree = "<group>";
		};
		B09296C221B29FC700629713 /* Advent Of Code 2018 */ = {
			isa = PBXGroup;
			children = (
				B09296CA21B29FE700629713 /* Day 01 */,
				B0491A3B21B3EB1900061F28 /* Day 02 */,
				B09296D121B2A5A100629713 /* Solveable.swift */,
				B09296C321B29FC700629713 /* main.swift */,
			);
			path = "Advent Of Code 2018";
			sourceTree = "<group>";
		};
		B09296CA21B29FE700629713 /* Day 01 */ = {
			isa = PBXGroup;
			children = (
				B09296CF21B2A05800629713 /* Day1.swift */,
				B09296CD21B2A03400629713 /* Day1+Part1.swift */,
				B09296D421B2A67E00629713 /* Day1+Part2.swift */,
				B09296D621B2B52E00629713 /* Input - test */,
				B09296CC21B2A02200629713 /* Input */,
			);
			path = "Day 01";
			sourceTree = "<group>";
		};
/* End PBXGroup section */

/* Begin PBXNativeTarget section */
		B09296BF21B29FC700629713 /* Advent Of Code 2018 */ = {
			isa = PBXNativeTarget;
			buildConfigurationList = B09296C721B29FC700629713 /* Build configuration list for PBXNativeTarget "Advent Of Code 2018" */;
			buildPhases = (
				B0491A4421B4117200061F28 /* Swiftlint */,
				B09296BC21B29FC700629713 /* Sources */,
				B09296BD21B29FC700629713 /* Frameworks */,
				B09296BE21B29FC700629713 /* CopyFiles */,
			);
			buildRules = (
			);
			dependencies = (
			);
			name = "Advent Of Code 2018";
			productName = "Advent Of Code 2018";
			productReference = B09296C021B29FC700629713 /* Advent Of Code 2018 */;
			productType = "com.apple.product-type.tool";
		};
/* End PBXNativeTarget section */

/* Begin PBXProject section */
		B09296B821B29FC700629713 /* Project object */ = {
			isa = PBXProject;
			attributes = {
				LastSwiftUpdateCheck = 1000;
				LastUpgradeCheck = 1000;
				ORGANIZATIONNAME = "Steven Gurr";
				TargetAttributes = {
					B09296BF21B29FC700629713 = {
						CreatedOnToolsVersion = 10.0;
					};
				};
			};
			buildConfigurationList = B09296BB21B29FC700629713 /* Build configuration list for PBXProject "Advent Of Code 2018" */;
			compatibilityVersion = "Xcode 9.3";
			developmentRegion = en;
			hasScannedForEncodings = 0;
			knownRegions = (
				en,
			);
			mainGroup = B09296B721B29FC700629713;
			productRefGroup = B09296C121B29FC700629713 /* Products */;
			projectDirPath = "";
			projectRoot = "";
			targets = (
				B09296BF21B29FC700629713 /* Advent Of Code 2018 */,
			);
		};
/* End PBXProject section */

/* Begin PBXShellScriptBuildPhase section */
		B0491A4421B4117200061F28 /* Swiftlint */ = {
			isa = PBXShellScriptBuildPhase;
			buildActionMask = 2147483647;
			files = (
			);
			inputFileListPaths = (
			);
			inputPaths = (
			);
			name = Swiftlint;
			outputFileListPaths = (
			);
			outputPaths = (
			);
			runOnlyForDeploymentPostprocessing = 0;
			shellPath = /bin/sh;
			shellScript = "swiftlint\n";
		};
/* End PBXShellScriptBuildPhase section */

/* Begin PBXSourcesBuildPhase section */
		B09296BC21B29FC700629713 /* Sources */ = {
			isa = PBXSourcesBuildPhase;
			buildActionMask = 2147483647;
			files = (
				B09296CE21B2A03400629713 /* Day1+Part1.swift in Sources */,
				B0491A3D21B3EB2B00061F28 /* Day2.swift in Sources */,
				B09296D021B2A05800629713 /* Day1.swift in Sources */,
				B09296C421B29FC700629713 /* main.swift in Sources */,
				B0491A4021B3EB7F00061F28 /* Day2+Part1.swift in Sources */,
				B09296D221B2A5A100629713 /* Solveable.swift in Sources */,
				B0491A4321B4043A00061F28 /* Day2+Part2.swift in Sources */,
				B09296D521B2A67E00629713 /* Day1+Part2.swift in Sources */,
			);
			runOnlyForDeploymentPostprocessing = 0;
		};
/* End PBXSourcesBuildPhase section */

/* Begin XCBuildConfiguration section */
		B09296C521B29FC700629713 /* Debug */ = {
			isa = XCBuildConfiguration;
			buildSettings = {
				ALWAYS_SEARCH_USER_PATHS = NO;
				CLANG_ANALYZER_NONNULL = YES;
				CLANG_ANALYZER_NUMBER_OBJECT_CONVERSION = YES_AGGRESSIVE;
				CLANG_CXX_LANGUAGE_STANDARD = "gnu++14";
				CLANG_CXX_LIBRARY = "libc++";
				CLANG_ENABLE_MODULES = YES;
				CLANG_ENABLE_OBJC_ARC = YES;
				CLANG_ENABLE_OBJC_WEAK = YES;
				CLANG_WARN_BLOCK_CAPTURE_AUTORELEASING = YES;
				CLANG_WARN_BOOL_CONVERSION = YES;
				CLANG_WARN_COMMA = YES;
				CLANG_WARN_CONSTANT_CONVERSION = YES;
				CLANG_WARN_DEPRECATED_OBJC_IMPLEMENTATIONS = YES;
				CLANG_WARN_DIRECT_OBJC_ISA_USAGE = YES_ERROR;
				CLANG_WARN_DOCUMENTATION_COMMENTS = YES;
				CLANG_WARN_EMPTY_BODY = YES;
				CLANG_WARN_ENUM_CONVERSION = YES;
				CLANG_WARN_INFINITE_RECURSION = YES;
				CLANG_WARN_INT_CONVERSION = YES;
				CLANG_WARN_NON_LITERAL_NULL_CONVERSION = YES;
				CLANG_WARN_OBJC_IMPLICIT_RETAIN_SELF = YES;
				CLANG_WARN_OBJC_LITERAL_CONVERSION = YES;
				CLANG_WARN_OBJC_ROOT_CLASS = YES_ERROR;
				CLANG_WARN_RANGE_LOOP_ANALYSIS = YES;
				CLANG_WARN_STRICT_PROTOTYPES = YES;
				CLANG_WARN_SUSPICIOUS_MOVE = YES;
				CLANG_WARN_UNGUARDED_AVAILABILITY = YES_AGGRESSIVE;
				CLANG_WARN_UNREACHABLE_CODE = YES;
				CLANG_WARN__DUPLICATE_METHOD_MATCH = YES;
				CODE_SIGN_IDENTITY = "Mac Developer";
				COPY_PHASE_STRIP = NO;
				DEBUG_INFORMATION_FORMAT = dwarf;
				ENABLE_STRICT_OBJC_MSGSEND = YES;
				ENABLE_TESTABILITY = YES;
				GCC_C_LANGUAGE_STANDARD = gnu11;
				GCC_DYNAMIC_NO_PIC = NO;
				GCC_NO_COMMON_BLOCKS = YES;
				GCC_OPTIMIZATION_LEVEL = 0;
				GCC_PREPROCESSOR_DEFINITIONS = (
					"DEBUG=1",
					"$(inherited)",
				);
				GCC_WARN_64_TO_32_BIT_CONVERSION = YES;
				GCC_WARN_ABOUT_RETURN_TYPE = YES_ERROR;
				GCC_WARN_UNDECLARED_SELECTOR = YES;
				GCC_WARN_UNINITIALIZED_AUTOS = YES_AGGRESSIVE;
				GCC_WARN_UNUSED_FUNCTION = YES;
				GCC_WARN_UNUSED_VARIABLE = YES;
				MACOSX_DEPLOYMENT_TARGET = 10.14;
				MTL_ENABLE_DEBUG_INFO = INCLUDE_SOURCE;
				MTL_FAST_MATH = YES;
				ONLY_ACTIVE_ARCH = YES;
				SDKROOT = macosx;
				SWIFT_ACTIVE_COMPILATION_CONDITIONS = DEBUG;
				SWIFT_OPTIMIZATION_LEVEL = "-Onone";
			};
			name = Debug;
		};
		B09296C621B29FC700629713 /* Release */ = {
			isa = XCBuildConfiguration;
			buildSettings = {
				ALWAYS_SEARCH_USER_PATHS = NO;
				CLANG_ANALYZER_NONNULL = YES;
				CLANG_ANALYZER_NUMBER_OBJECT_CONVERSION = YES_AGGRESSIVE;
				CLANG_CXX_LANGUAGE_STANDARD = "gnu++14";
				CLANG_CXX_LIBRARY = "libc++";
				CLANG_ENABLE_MODULES = YES;
				CLANG_ENABLE_OBJC_ARC = YES;
				CLANG_ENABLE_OBJC_WEAK = YES;
				CLANG_WARN_BLOCK_CAPTURE_AUTORELEASING = YES;
				CLANG_WARN_BOOL_CONVERSION = YES;
				CLANG_WARN_COMMA = YES;
				CLANG_WARN_CONSTANT_CONVERSION = YES;
				CLANG_WARN_DEPRECATED_OBJC_IMPLEMENTATIONS = YES;
				CLANG_WARN_DIRECT_OBJC_ISA_USAGE = YES_ERROR;
				CLANG_WARN_DOCUMENTATION_COMMENTS = YES;
				CLANG_WARN_EMPTY_BODY = YES;
				CLANG_WARN_ENUM_CONVERSION = YES;
				CLANG_WARN_INFINITE_RECURSION = YES;
				CLANG_WARN_INT_CONVERSION = YES;
				CLANG_WARN_NON_LITERAL_NULL_CONVERSION = YES;
				CLANG_WARN_OBJC_IMPLICIT_RETAIN_SELF = YES;
				CLANG_WARN_OBJC_LITERAL_CONVERSION = YES;
				CLANG_WARN_OBJC_ROOT_CLASS = YES_ERROR;
				CLANG_WARN_RANGE_LOOP_ANALYSIS = YES;
				CLANG_WARN_STRICT_PROTOTYPES = YES;
				CLANG_WARN_SUSPICIOUS_MOVE = YES;
				CLANG_WARN_UNGUARDED_AVAILABILITY = YES_AGGRESSIVE;
				CLANG_WARN_UNREACHABLE_CODE = YES;
				CLANG_WARN__DUPLICATE_METHOD_MATCH = YES;
				CODE_SIGN_IDENTITY = "Mac Developer";
				COPY_PHASE_STRIP = NO;
				DEBUG_INFORMATION_FORMAT = "dwarf-with-dsym";
				ENABLE_NS_ASSERTIONS = NO;
				ENABLE_STRICT_OBJC_MSGSEND = YES;
				GCC_C_LANGUAGE_STANDARD = gnu11;
				GCC_NO_COMMON_BLOCKS = YES;
				GCC_WARN_64_TO_32_BIT_CONVERSION = YES;
				GCC_WARN_ABOUT_RETURN_TYPE = YES_ERROR;
				GCC_WARN_UNDECLARED_SELECTOR = YES;
				GCC_WARN_UNINITIALIZED_AUTOS = YES_AGGRESSIVE;
				GCC_WARN_UNUSED_FUNCTION = YES;
				GCC_WARN_UNUSED_VARIABLE = YES;
				MACOSX_DEPLOYMENT_TARGET = 10.14;
				MTL_ENABLE_DEBUG_INFO = NO;
				MTL_FAST_MATH = YES;
				SDKROOT = macosx;
				SWIFT_COMPILATION_MODE = wholemodule;
				SWIFT_OPTIMIZATION_LEVEL = "-O";
			};
			name = Release;
		};
		B09296C821B29FC700629713 /* Debug */ = {
			isa = XCBuildConfiguration;
			buildSettings = {
				CODE_SIGN_STYLE = Automatic;
				DEVELOPMENT_TEAM = F9V3RBTVGN;
				PRODUCT_NAME = "$(TARGET_NAME)";
				SWIFT_VERSION = 4.2;
			};
			name = Debug;
		};
		B09296C921B29FC700629713 /* Release */ = {
			isa = XCBuildConfiguration;
			buildSettings = {
				CODE_SIGN_STYLE = Automatic;
				DEVELOPMENT_TEAM = F9V3RBTVGN;
				PRODUCT_NAME = "$(TARGET_NAME)";
				SWIFT_VERSION = 4.2;
			};
			name = Release;
		};
/* End XCBuildConfiguration section */

/* Begin XCConfigurationList section */
		B09296BB21B29FC700629713 /* Build configuration list for PBXProject "Advent Of Code 2018" */ = {
			isa = XCConfigurationList;
			buildConfigurations = (
				B09296C521B29FC700629713 /* Debug */,
				B09296C621B29FC700629713 /* Release */,
			);
			defaultConfigurationIsVisible = 0;
			defaultConfigurationName = Release;
		};
		B09296C721B29FC700629713 /* Build configuration list for PBXNativeTarget "Advent Of Code 2018" */ = {
			isa = XCConfigurationList;
			buildConfigurations = (
				B09296C821B29FC700629713 /* Debug */,
				B09296C921B29FC700629713 /* Release */,
			);
			defaultConfigurationIsVisible = 0;
			defaultConfigurationName = Release;
		};
/* End XCConfigurationList section */
	};
	rootObject = B09296B821B29FC700629713 /* Project object */;
}
